
Microsoft Visual Studio Solution File, Format Version 12.00
Project("{8BC9CEB8-8B4A-11D0-8D11-00A0C91BC942}") = "Day01", "Day01\Day01.vcxproj", "{9F5BB959-6841-427A-8EA8-45EEEF4E1ADD}"
EndProject
Project("{8BC9CEB8-8B4A-11D0-8D11-00A0C91BC942}") = "Day02", "Day02\Day02.vcxproj", "{B77BCF21-2973-41A0-90D3-414F09424263}"
EndProject
Project("{8BC9CEB8-8B4A-11D0-8D11-00A0C91BC942}") = "Day03", "Day03\Day03.vcxproj", "{F0552447-4C60-4CA1-8D7F-02D09CE49B57}"
EndProject
Project("{8BC9CEB8-8B4A-11D0-8D11-00A0C91BC942}") = "Day04", "Day04\Day04.vcxproj", "{0FE73D0A-179F-457F-89B3-E283BAFC0843}"
EndProject
Project("{8BC9CEB8-8B4A-11D0-8D11-00A0C91BC942}") = "Day05", "Day05\Day05.vcxproj", "{4C385984-5128-4E90-992D-A82AF329874A}"
EndProject
Project("{8BC9CEB8-8B4A-11D0-8D11-00A0C91BC942}") = "Day06", "Day06\Day06.vcxproj", "{D8A38E19-5AFE-47BC-A9AC-0D7F89666A62}"
EndProject
Project("{8BC9CEB8-8B4A-11D0-8D11-00A0C91BC942}") = "Day07", "Day07\Day07.vcxproj", "{85073B33-116A-4EAA-9CA7-71DFBEECCF99}"
EndProject
Project("{8BC9CEB8-8B4A-11D0-8D11-00A0C91BC942}") = "Day08", "Day08\Day08.vcxproj", "{F6D658CE-BA2E-46C5-8282-176BC7D9734F}"
EndProject
Project("{8BC9CEB8-8B4A-11D0-8D11-00A0C91BC942}") = "Day09", "Day09\Day09.vcxproj", "{3D79393D-080F-4FB8-942D-2E37D1EE23FD}"
EndProject
Project("{8BC9CEB8-8B4A-11D0-8D11-00A0C91BC942}") = "Day10", "Day10\Day10.vcxproj", "{207205D2-F138-49D0-AB9C-97FDBD09D6D1}"
EndProject
Project("{8BC9CEB8-8B4A-11D0-8D11-00A0C91BC942}") = "Day11", "Day11\Day11.vcxproj", "{46897D1B-6C3C-440B-83FF-E5B5ABB376D9}"
EndProject
Global
	GlobalSection(SolutionConfigurationPlatforms) = preSolution
		Debug|Win32 = Debug|Win32
		Debug|x64 = Debug|x64
		Release|Win32 = Release|Win32
		Release|x64 = Release|x64
	EndGlobalSection
	GlobalSection(ProjectConfigurationPlatforms) = postSolution
		{9F5BB959-6841-427A-8EA8-45EEEF4E1ADD}.Debug|Win32.ActiveCfg = Debug|Win32
		{9F5BB959-6841-427A-8EA8-45EEEF4E1ADD}.Debug|Win32.Build.0 = Debug|Win32
		{9F5BB959-6841-427A-8EA8-45EEEF4E1ADD}.Debug|x64.ActiveCfg = Debug|x64
		{9F5BB959-6841-427A-8EA8-45EEEF4E1ADD}.Debug|x64.Build.0 = Debug|x64
		{9F5BB959-6841-427A-8EA8-45EEEF4E1ADD}.Release|Win32.ActiveCfg = Release|Win32
		{9F5BB959-6841-427A-8EA8-45EEEF4E1ADD}.Release|Win32.Build.0 = Release|Win32
		{9F5BB959-6841-427A-8EA8-45EEEF4E1ADD}.Release|x64.ActiveCfg = Release|x64
		{9F5BB959-6841-427A-8EA8-45EEEF4E1ADD}.Release|x64.Build.0 = Release|x64
		{B77BCF21-2973-41A0-90D3-414F09424263}.Debug|Win32.ActiveCfg = Debug|Win32
		{B77BCF21-2973-41A0-90D3-414F09424263}.Debug|Win32.Build.0 = Debug|Win32
		{B77BCF21-2973-41A0-90D3-414F09424263}.Debug|x64.ActiveCfg = Debug|x64
		{B77BCF21-2973-41A0-90D3-414F09424263}.Debug|x64.Build.0 = Debug|x64
		{B77BCF21-2973-41A0-90D3-414F09424263}.Release|Win32.ActiveCfg = Release|Win32
		{B77BCF21-2973-41A0-90D3-414F09424263}.Release|Win32.Build.0 = Release|Win32
		{B77BCF21-2973-41A0-90D3-414F09424263}.Release|x64.ActiveCfg = Release|x64
		{B77BCF21-2973-41A0-90D3-414F09424263}.Release|x64.Build.0 = Release|x64
		{F0552447-4C60-4CA1-8D7F-02D09CE49B57}.Debug|Win32.ActiveCfg = Debug|Win32
		{F0552447-4C60-4CA1-8D7F-02D09CE49B57}.Debug|Win32.Build.0 = Debug|Win32
		{F0552447-4C60-4CA1-8D7F-02D09CE49B57}.Debug|x64.ActiveCfg = Debug|x64
		{F0552447-4C60-4CA1-8D7F-02D09CE49B57}.Debug|x64.Build.0 = Debug|x64
		{F0552447-4C60-4CA1-8D7F-02D09CE49B57}.Release|Win32.ActiveCfg = Release|Win32
		{F0552447-4C60-4CA1-8D7F-02D09CE49B57}.Release|Win32.Build.0 = Release|Win32
		{F0552447-4C60-4CA1-8D7F-02D09CE49B57}.Release|x64.ActiveCfg = Release|x64
		{F0552447-4C60-4CA1-8D7F-02D09CE49B57}.Release|x64.Build.0 = Release|x64
		{0FE73D0A-179F-457F-89B3-E283BAFC0843}.Debug|Win32.ActiveCfg = Debug|Win32
		{0FE73D0A-179F-457F-89B3-E283BAFC0843}.Debug|Win32.Build.0 = Debug|Win32
		{0FE73D0A-179F-457F-89B3-E283BAFC0843}.Debug|x64.ActiveCfg = Debug|x64
		{0FE73D0A-179F-457F-89B3-E283BAFC0843}.Debug|x64.Build.0 = Debug|x64
		{0FE73D0A-179F-457F-89B3-E283BAFC0843}.Release|Win32.ActiveCfg = Release|Win32
		{0FE73D0A-179F-457F-89B3-E283BAFC0843}.Release|Win32.Build.0 = Release|Win32
		{0FE73D0A-179F-457F-89B3-E283BAFC0843}.Release|x64.ActiveCfg = Release|x64
		{0FE73D0A-179F-457F-89B3-E283BAFC0843}.Release|x64.Build.0 = Release|x64
		{4C385984-5128-4E90-992D-A82AF329874A}.Debug|Win32.ActiveCfg = Debug|Win32
		{4C385984-5128-4E90-992D-A82AF329874A}.Debug|Win32.Build.0 = Debug|Win32
		{4C385984-5128-4E90-992D-A82AF329874A}.Debug|x64.ActiveCfg = Debug|x64
		{4C385984-5128-4E90-992D-A82AF329874A}.Debug|x64.Build.0 = Debug|x64
		{4C385984-5128-4E90-992D-A82AF329874A}.Release|Win32.ActiveCfg = Release|Win32
		{4C385984-5128-4E90-992D-A82AF329874A}.Release|Win32.Build.0 = Release|Win32
		{4C385984-5128-4E90-992D-A82AF329874A}.Release|x64.ActiveCfg = Release|x64
		{4C385984-5128-4E90-992D-A82AF329874A}.Release|x64.Build.0 = Release|x64
		{D8A38E19-5AFE-47BC-A9AC-0D7F89666A62}.Debug|Win32.ActiveCfg = Debug|Win32
		{D8A38E19-5AFE-47BC-A9AC-0D7F89666A62}.Debug|Win32.Build.0 = Debug|Win32
		{D8A38E19-5AFE-47BC-A9AC-0D7F89666A62}.Debug|x64.ActiveCfg = Debug|x64
		{D8A38E19-5AFE-47BC-A9AC-0D7F89666A62}.Debug|x64.Build.0 = Debug|x64
		{D8A38E19-5AFE-47BC-A9AC-0D7F89666A62}.Release|Win32.ActiveCfg = Release|Win32
		{D8A38E19-5AFE-47BC-A9AC-0D7F89666A62}.Release|Win32.Build.0 = Release|Win32
		{D8A38E19-5AFE-47BC-A9AC-0D7F89666A62}.Release|x64.ActiveCfg = Release|x64
		{D8A38E19-5AFE-47BC-A9AC-0D7F89666A62}.Release|x64.Build.0 = Release|x64
		{85073B33-116A-4EAA-9CA7-71DFBEECCF99}.Debug|Win32.ActiveCfg = Debug|Win32
		{85073B33-116A-4EAA-9CA7-71DFBEECCF99}.Debug|Win32.Build.0 = Debug|Win32
		{85073B33-116A-4EAA-9CA7-71DFBEECCF99}.Debug|x64.ActiveCfg = Debug|x64
		{85073B33-116A-4EAA-9CA7-71DFBEECCF99}.Debug|x64.Build.0 = Debug|x64
		{85073B33-116A-4EAA-9CA7-71DFBEECCF99}.Release|Win32.ActiveCfg = Release|Win32
		{85073B33-116A-4EAA-9CA7-71DFBEECCF99}.Release|Win32.Build.0 = Release|Win32
		{85073B33-116A-4EAA-9CA7-71DFBEECCF99}.Release|x64.ActiveCfg = Release|x64
		{85073B33-116A-4EAA-9CA7-71DFBEECCF99}.Release|x64.Build.0 = Release|x64
		{F6D658CE-BA2E-46C5-8282-176BC7D9734F}.Debug|Win32.ActiveCfg = Debug|Win32
		{F6D658CE-BA2E-46C5-8282-176BC7D9734F}.Debug|Win32.Build.0 = Debug|Win32
		{F6D658CE-BA2E-46C5-8282-176BC7D9734F}.Debug|x64.ActiveCfg = Debug|x64
		{F6D658CE-BA2E-46C5-8282-176BC7D9734F}.Debug|x64.Build.0 = Debug|x64
		{F6D658CE-BA2E-46C5-8282-176BC7D9734F}.Release|Win32.ActiveCfg = Release|Win32
		{F6D658CE-BA2E-46C5-8282-176BC7D9734F}.Release|Win32.Build.0 = Release|Win32
		{F6D658CE-BA2E-46C5-8282-176BC7D9734F}.Release|x64.ActiveCfg = Release|x64
		{F6D658CE-BA2E-46C5-8282-176BC7D9734F}.Release|x64.Build.0 = Release|x64
		{3D79393D-080F-4FB8-942D-2E37D1EE23FD}.Debug|Win32.ActiveCfg = Debug|Win32
		{3D79393D-080F-4FB8-942D-2E37D1EE23FD}.Debug|Win32.Build.0 = Debug|Win32
		{3D79393D-080F-4FB8-942D-2E37D1EE23FD}.Debug|x64.ActiveCfg = Debug|x64
		{3D79393D-080F-4FB8-942D-2E37D1EE23FD}.Debug|x64.Build.0 = Debug|x64
		{3D79393D-080F-4FB8-942D-2E37D1EE23FD}.Release|Win32.ActiveCfg = Release|Win32
		{3D79393D-080F-4FB8-942D-2E37D1EE23FD}.Release|Win32.Build.0 = Release|Win32
		{3D79393D-080F-4FB8-942D-2E37D1EE23FD}.Release|x64.ActiveCfg = Release|x64
		{3D79393D-080F-4FB8-942D-2E37D1EE23FD}.Release|x64.Build.0 = Release|x64
		{207205D2-F138-49D0-AB9C-97FDBD09D6D1}.Debug|Win32.ActiveCfg = Debug|Win32
		{207205D2-F138-49D0-AB9C-97FDBD09D6D1}.Debug|Win32.Build.0 = Debug|Win32
		{207205D2-F138-49D0-AB9C-97FDBD09D6D1}.Debug|x64.ActiveCfg = Debug|x64
		{207205D2-F138-49D0-AB9C-97FDBD09D6D1}.Debug|x64.Build.0 = Debug|x64
		{207205D2-F138-49D0-AB9C-97FDBD09D6D1}.Release|Win32.ActiveCfg = Release|Win32
		{207205D2-F138-49D0-AB9C-97FDBD09D6D1}.Release|Win32.Build.0 = Release|Win32
		{207205D2-F138-49D0-AB9C-97FDBD09D6D1}.Release|x64.ActiveCfg = Release|x64
		{207205D2-F138-49D0-AB9C-97FDBD09D6D1}.Release|x64.Build.0 = Release|x64
		{46897D1B-6C3C-440B-83FF-E5B5ABB376D9}.Debug|Win32.ActiveCfg = Debug|Win32
		{46897D1B-6C3C-440B-83FF-E5B5ABB376D9}.Debug|Win32.Build.0 = Debug|Win32
		{46897D1B-6C3C-440B-83FF-E5B5ABB376D9}.Debug|x64.ActiveCfg = Debug|x64
		{46897D1B-6C3C-440B-83FF-E5B5ABB376D9}.Debug|x64.Build.0 = Debug|x64
		{46897D1B-6C3C-440B-83FF-E5B5ABB376D9}.Release|Win32.ActiveCfg = Release|Win32
		{46897D1B-6C3C-440B-83FF-E5B5ABB376D9}.Release|Win32.Build.0 = Release|Win32
		{46897D1B-6C3C-440B-83FF-E5B5ABB376D9}.Release|x64.ActiveCfg = Release|x64
		{46897D1B-6C3C-440B-83FF-E5B5ABB376D9}.Release|x64.Build.0 = Release|x64
	EndGlobalSection
EndGlobal
